# This file is autogenerated, do not edit; changes may be undone by the next 'dep ensure'.


[[projects]]
  name = "github.com/Sirupsen/logrus"
  packages = ["."]
  revision = "d682213848ed68c0a260ca37d6dd5ace8423f5ba"
  version = "v1.0.4"

[[projects]]
  name = "github.com/google/gopacket"
  packages = [".","layers"]
  revision = "11c65f1ca9081dfea43b4f9643f5c155583b73ba"
  version = "v1.1.14"

[[projects]]
  branch = "master"
  name = "github.com/ilyaigpetrov/parse-tcp-go"
  packages = ["."]
  revision = "b3ec8b29dc0bebb32cda43d900c5523bd47a4e64"

[[projects]]
  branch = "master"
  name = "golang.org/x/crypto"
  packages = ["ssh/terminal"]
  revision = "0fcca4842a8d74bfddc2c96a073bd2a4d2a7a2e8"

[[projects]]
  branch = "master"
  name = "golang.org/x/net"
  packages = ["bpf","internal/iana","internal/socket","ipv4"]
  revision = "434ec0c7fe3742c984919a691b2018a6e9694425"

[[projects]]
  branch = "master"
  name = "golang.org/x/sys"
  packages = ["unix","windows"]
  revision = "d38bf781f16e180a1b2ad82697d2f81d7b7ecfac"

[[projects]]
  name = "gopkg.in/oleiade/reflections.v1"
  packages = ["."]
  revision = "2b6ec3da648e3e834dc41bad8d9ed7f2dc6a9496"
  version = "v1.0.0"

[solve-meta]
  analyzer-name = "dep"
  analyzer-version = 1
  inputs-digest = "fb57dcfbba91a0fc4291a6350543aebbb96382311b4b50f523c1e6329c7229bc"
  solver-name = "gps-cdcl"
  solver-version = 1
